// !$*UTF8*$!
{
	archiveVersion = 1;
	classes = {
	};
	objectVersion = 48;
	objects = {

/* Begin PBXBuildFile section */
		06B0E6581F3381DD00A107CC /* detailsViewController.swift in Sources */ = {isa = PBXBuildFile; fileRef = 06B0E6571F3381DD00A107CC /* detailsViewController.swift */; };
		06F366FE1F3113DA004E2F4E /* AppDelegate.swift in Sources */ = {isa = PBXBuildFile; fileRef = 06F366FD1F3113DA004E2F4E /* AppDelegate.swift */; };
		06F367031F3113DA004E2F4E /* Main.storyboard in Resources */ = {isa = PBXBuildFile; fileRef = 06F367011F3113DA004E2F4E /* Main.storyboard */; };
		06F367061F3113DA004E2F4E /* ToDo_List.xcdatamodeld in Sources */ = {isa = PBXBuildFile; fileRef = 06F367041F3113DA004E2F4E /* ToDo_List.xcdatamodeld */; };
		06F367081F3113DA004E2F4E /* Assets.xcassets in Resources */ = {isa = PBXBuildFile; fileRef = 06F367071F3113DA004E2F4E /* Assets.xcassets */; };
		06F3670B1F3113DA004E2F4E /* LaunchScreen.storyboard in Resources */ = {isa = PBXBuildFile; fileRef = 06F367091F3113DA004E2F4E /* LaunchScreen.storyboard */; };
		06F367131F3116BC004E2F4E /* ToDoTableViewController.swift in Sources */ = {isa = PBXBuildFile; fileRef = 06F367121F3116BC004E2F4E /* ToDoTableViewController.swift */; };
		06F367151F311750004E2F4E /* ToDo.swift in Sources */ = {isa = PBXBuildFile; fileRef = 06F367141F311750004E2F4E /* ToDo.swift */; };
		06F367171F312476004E2F4E /* AddToDoViewController.swift in Sources */ = {isa = PBXBuildFile; fileRef = 06F367161F312476004E2F4E /* AddToDoViewController.swift */; };
/* End PBXBuildFile section */

/* Begin PBXFileReference section */
		06B0E6571F3381DD00A107CC /* detailsViewController.swift */ = {isa = PBXFileReference; lastKnownFileType = sourcecode.swift; path = detailsViewController.swift; sourceTree = "<group>"; };
		06F366FA1F3113DA004E2F4E /* ToDo List.app */ = {isa = PBXFileReference; explicitFileType = wrapper.application; includeInIndex = 0; path = "ToDo List.app"; sourceTree = BUILT_PRODUCTS_DIR; };
		06F366FD1F3113DA004E2F4E /* AppDelegate.swift */ = {isa = PBXFileReference; lastKnownFileType = sourcecode.swift; path = AppDelegate.swift; sourceTree = "<group>"; };
		06F367021F3113DA004E2F4E /* Base */ = {isa = PBXFileReference; lastKnownFileType = file.storyboard; name = Base; path = Base.lproj/Main.storyboard; sourceTree = "<group>"; };
		06F367051F3113DA004E2F4E /* ToDo_List.xcdatamodel */ = {isa = PBXFileReference; lastKnownFileType = wrapper.xcdatamodel; path = ToDo_List.xcdatamodel; sourceTree = "<group>"; };
		06F367071F3113DA004E2F4E /* Assets.xcassets */ = {isa = PBXFileReference; lastKnownFileType = folder.assetcatalog; path = Assets.xcassets; sourceTree = "<group>"; };
		06F3670A1F3113DA004E2F4E /* Base */ = {isa = PBXFileReference; lastKnownFileType = file.storyboard; name = Base; path = Base.lproj/LaunchScreen.storyboard; sourceTree = "<group>"; };
		06F3670C1F3113DA004E2F4E /* Info.plist */ = {isa = PBXFileReference; lastKnownFileType = text.plist.xml; path = Info.plist; sourceTree = "<group>"; };
		06F367121F3116BC004E2F4E /* ToDoTableViewController.swift */ = {isa = PBXFileReference; lastKnownFileType = sourcecode.swift; path = ToDoTableViewController.swift; sourceTree = "<group>"; };
		06F367141F311750004E2F4E /* ToDo.swift */ = {isa = PBXFileReference; lastKnownFileType = sourcecode.swift; path = ToDo.swift; sourceTree = "<group>"; };
		06F367161F312476004E2F4E /* AddToDoViewController.swift */ = {isa = PBXFileReference; lastKnownFileType = sourcecode.swift; path = AddToDoViewController.swift; sourceTree = "<group>"; };
/* End PBXFileReference section */

/* Begin PBXFrameworksBuildPhase section */
		06F366F71F3113DA004E2F4E /* Frameworks */ = {
			isa = PBXFrameworksBuildPhase;
			buildActionMask = 2147483647;
			files = (
			);
			runOnlyForDeploymentPostprocessing = 0;
		};
/* End PBXFrameworksBuildPhase section */

/* Begin PBXGroup section */
		06F366F11F3113DA004E2F4E = {
			isa = PBXGroup;
			children = (
				06F366FC1F3113DA004E2F4E /* ToDo List */,
				06F366FB1F3113DA004E2F4E /* Products */,
			);
			sourceTree = "<group>";
		};
		06F366FB1F3113DA004E2F4E /* Products */ = {
			isa = PBXGroup;
			children = (
				06F366FA1F3113DA004E2F4E /* ToDo List.app */,
			);
			name = Products;
			sourceTree = "<group>";
		};
		06F366FC1F3113DA004E2F4E /* ToDo List */ = {
			isa = PBXGroup;
			children = (
				06F366FD1F3113DA004E2F4E /* AppDelegate.swift */,
				06F367121F3116BC004E2F4E /* ToDoTableViewController.swift */,
				06F367011F3113DA004E2F4E /* Main.storyboard */,
				06B0E6571F3381DD00A107CC /* detailsViewController.swift */,
				06F367161F312476004E2F4E /* AddToDoViewController.swift */,
				06F367141F311750004E2F4E /* ToDo.swift */,
				06F367071F3113DA004E2F4E /* Assets.xcassets */,
				06F367091F3113DA004E2F4E /* LaunchScreen.storyboard */,
				06F3670C1F3113DA004E2F4E /* Info.plist */,
				06F367041F3113DA004E2F4E /* ToDo_List.xcdatamodeld */,
			);
			path = "ToDo List";
			sourceTree = "<group>";
		};
/* End PBXGroup section */

/* Begin PBXNativeTarget section */
		06F366F91F3113DA004E2F4E /* ToDo List */ = {
			isa = PBXNativeTarget;
			buildConfigurationList = 06F3670F1F3113DA004E2F4E /* Build configuration list for PBXNativeTarget "ToDo List" */;
			buildPhases = (
				06F366F61F3113DA004E2F4E /* Sources */,
				06F366F71F3113DA004E2F4E /* Frameworks */,
				06F366F81F3113DA004E2F4E /* Resources */,
			);
			buildRules = (
			);
			dependencies = (
			);
			name = "ToDo List";
			productName = "ToDo List";
			productReference = 06F366FA1F3113DA004E2F4E /* ToDo List.app */;
			productType = "com.apple.product-type.application";
		};
/* End PBXNativeTarget section */

/* Begin PBXProject section */
		06F366F21F3113DA004E2F4E /* Project object */ = {
			isa = PBXProject;
			attributes = {
				LastSwiftUpdateCheck = 0900;
				LastUpgradeCheck = 0900;
				ORGANIZATIONNAME = "Mostafa Taha";
				TargetAttributes = {
					06F366F91F3113DA004E2F4E = {
						CreatedOnToolsVersion = 9.0;
					};
				};
			};
			buildConfigurationList = 06F366F51F3113DA004E2F4E /* Build configuration list for PBXProject "ToDo List" */;
			compatibilityVersion = "Xcode 8.0";
			developmentRegion = en;
			hasScannedForEncodings = 0;
			knownRegions = (
				en,
				Base,
			);
			mainGroup = 06F366F11F3113DA004E2F4E;
			productRefGroup = 06F366FB1F3113DA004E2F4E /* Products */;
			projectDirPath = "";
			projectRoot = "";
			targets = (
				06F366F91F3113DA004E2F4E /* ToDo List */,
			);
		};
/* End PBXProject section */

/* Begin PBXResourcesBuildPhase section */
		06F366F81F3113DA004E2F4E /* Resources */ = {
			isa = PBXResourcesBuildPhase;
			buildActionMask = 2147483647;
			files = (
				06F3670B1F3113DA004E2F4E /* LaunchScreen.storyboard in Resources */,
				06F367081F3113DA004E2F4E /* Assets.xcassets in Resources */,
				06F367031F3113DA004E2F4E /* Main.storyboard in Resources */,
			);
			runOnlyForDeploymentPostprocessing = 0;
		};
/* End PBXResourcesBuildPhase section */

/* Begin PBXSourcesBuildPhase section */
		06F366F61F3113DA004E2F4E /* Sources */ = {
			isa = PBXSourcesBuildPhase;
			buildActionMask = 2147483647;
			files = (
				06F366FE1F3113DA004E2F4E /* AppDelegate.swift in Sources */,
				06B0E6581F3381DD00A107CC /* detailsViewController.swift in Sources */,
				06F367131F3116BC004E2F4E /* ToDoTableViewController.swift in Sources */,
				06F367171F312476004E2F4E /* AddToDoViewController.swift in Sources */,
				06F367061F3113DA004E2F4E /* ToDo_List.xcdatamodeld in Sources */,
				06F367151F311750004E2F4E /* ToDo.swift in Sources */,
			);
			runOnlyForDeploymentPostprocessing = 0;
		};
/* End PBXSourcesBuildPhase section */

/* Begin PBXVariantGroup section */
		06F367011F3113DA004E2F4E /* Main.storyboard */ = {
			isa = PBXVariantGroup;
			children = (
				06F367021F3113DA004E2F4E /* Base */,
			);
			name = Main.storyboard;
			sourceTree = "<group>";
		};
		06F367091F3113DA004E2F4E /* LaunchScreen.storyboard */ = {
			isa = PBXVariantGroup;
			children = (
				06F3670A1F3113DA004E2F4E /* Base */,
			);
			name = LaunchScreen.storyboard;
			sourceTree = "<group>";
		};
/* End PBXVariantGroup section */

/* Begin XCBuildConfiguration section */
		06F3670D1F3113DA004E2F4E /* Debug */ = {
			isa = XCBuildConfiguration;
			buildSettings = {
				ALWAYS_SEARCH_USER_PATHS = NO;
				CLANG_ANALYZER_NONNULL = YES;
				CLANG_ANALYZER_NUMBER_OBJECT_CONVERSION = YES_AGGRESSIVE;
				CLANG_CXX_LANGUAGE_STANDARD = "gnu++14";
				CLANG_CXX_LIBRARY = "libc++";
				CLANG_ENABLE_MODULES = YES;
				CLANG_ENABLE_OBJC_ARC = YES;
				CLANG_WARN_BLOCK_CAPTURE_AUTORELEASING = YES;
				CLANG_WARN_BOOL_CONVERSION = YES;
				CLANG_WARN_COMMA = YES;
				CLANG_WARN_CONSTANT_CONVERSION = YES;
				CLANG_WARN_DIRECT_OBJC_ISA_USAGE = YES_ERROR;
				CLANG_WARN_DOCUMENTATION_COMMENTS = YES;
				CLANG_WARN_EMPTY_BODY = YES;
				CLANG_WARN_ENUM_CONVERSION = YES;
				CLANG_WARN_INFINITE_RECURSION = YES;
				CLANG_WARN_INT_CONVERSION = YES;
				CLANG_WARN_OBJC_ROOT_CLASS = YES_ERROR;
				CLANG_WARN_RANGE_LOOP_ANALYSIS = YES;
				CLANG_WARN_STRICT_PROTOTYPES = YES;
				CLANG_WARN_SUSPICIOUS_MOVE = YES;
				CLANG_WARN_UNGUARDED_AVAILABILITY = YES_AGGRESSIVE;
				CLANG_WARN_UNREACHABLE_CODE = YES;
				CLANG_WARN__DUPLICATE_METHOD_MATCH = YES;
				CODE_SIGN_IDENTITY = "iPhone Developer";
				COPY_PHASE_STRIP = NO;
				DEBUG_INFORMATION_FORMAT = dwarf;
				ENABLE_STRICT_OBJC_MSGSEND = YES;
				ENABLE_TESTABILITY = YES;
				GCC_C_LANGUAGE_STANDARD = gnu11;
				GCC_DYNAMIC_NO_PIC = NO;
				GCC_NO_COMMON_BLOCKS = YES;
				GCC_OPTIMIZATION_LEVEL = 0;
				GCC_PREPROCESSOR_DEFINITIONS = (
					"DEBUG=1",
					"$(inherited)",
				);
				GCC_WARN_64_TO_32_BIT_CONVERSION = YES;
				GCC_WARN_ABOUT_RETURN_TYPE = YES_ERROR;
				GCC_WARN_UNDECLARED_SELECTOR = YES;
				GCC_WARN_UNINITIALIZED_AUTOS = YES_AGGRESSIVE;
				GCC_WARN_UNUSED_FUNCTION = YES;
				GCC_WARN_UNUSED_VARIABLE = YES;
				IPHONEOS_DEPLOYMENT_TARGET = 11.0;
				MTL_ENABLE_DEBUG_INFO = YES;
				ONLY_ACTIVE_ARCH = YES;
				SDKROOT = iphoneos;
				SWIFT_ACTIVE_COMPILATION_CONDITIONS = DEBUG;
				SWIFT_OPTIMIZATION_LEVEL = "-Onone";
			};
			name = Debug;
		};
		06F3670E1F3113DA004E2F4E /* Release */ = {
			isa = XCBuildConfiguration;
			buildSettings = {
				ALWAYS_SEARCH_USER_PATHS = NO;
				CLANG_ANALYZER_NONNULL = YES;
				CLANG_ANALYZER_NUMBER_OBJECT_CONVERSION = YES_AGGRESSIVE;
				CLANG_CXX_LANGUAGE_STANDARD = "gnu++14";
				CLANG_CXX_LIBRARY = "libc++";
				CLANG_ENABLE_MODULES = YES;
				CLANG_ENABLE_OBJC_ARC = YES;
				CLANG_WARN_BLOCK_CAPTURE_AUTORELEASING = YES;
				CLANG_WARN_BOOL_CONVERSION = YES;
				CLANG_WARN_COMMA = YES;
				CLANG_WARN_CONSTANT_CONVERSION = YES;
				CLANG_WARN_DIRECT_OBJC_ISA_USAGE = YES_ERROR;
				CLANG_WARN_DOCUMENTATION_COMMENTS = YES;
				CLANG_WARN_EMPTY_BODY = YES;
				CLANG_WARN_ENUM_CONVERSION = YES;
				CLANG_WARN_INFINITE_RECURSION = YES;
				CLANG_WARN_INT_CONVERSION = YES;
				CLANG_WARN_OBJC_ROOT_CLASS = YES_ERROR;
				CLANG_WARN_RANGE_LOOP_ANALYSIS = YES;
				CLANG_WARN_STRICT_PROTOTYPES = YES;
				CLANG_WARN_SUSPICIOUS_MOVE = YES;
				CLANG_WARN_UNGUARDED_AVAILABILITY = YES_AGGRESSIVE;
				CLANG_WARN_UNREACHABLE_CODE = YES;
				CLANG_WARN__DUPLICATE_METHOD_MATCH = YES;
				CODE_SIGN_IDENTITY = "iPhone Developer";
				COPY_PHASE_STRIP = NO;
				DEBUG_INFORMATION_FORMAT = "dwarf-with-dsym";
				ENABLE_NS_ASSERTIONS = NO;
				ENABLE_STRICT_OBJC_MSGSEND = YES;
				GCC_C_LANGUAGE_STANDARD = gnu11;
				GCC_NO_COMMON_BLOCKS = YES;
				GCC_WARN_64_TO_32_BIT_CONVERSION = YES;
				GCC_WARN_ABOUT_RETURN_TYPE = YES_ERROR;
				GCC_WARN_UNDECLARED_SELECTOR = YES;
				GCC_WARN_UNINITIALIZED_AUTOS = YES_AGGRESSIVE;
				GCC_WARN_UNUSED_FUNCTION = YES;
				GCC_WARN_UNUSED_VARIABLE = YES;
				IPHONEOS_DEPLOYMENT_TARGET = 11.0;
				MTL_ENABLE_DEBUG_INFO = NO;
				SDKROOT = iphoneos;
				SWIFT_OPTIMIZATION_LEVEL = "-Owholemodule";
				VALIDATE_PRODUCT = YES;
			};
			name = Release;
		};
		06F367101F3113DA004E2F4E /* Debug */ = {
			isa = XCBuildConfiguration;
			buildSettings = {
				ASSETCATALOG_COMPILER_APPICON_NAME = AppIcon;
				INFOPLIST_FILE = "ToDo List/Info.plist";
				LD_RUNPATH_SEARCH_PATHS = "$(inherited) @executable_path/Frameworks";
				PRODUCT_BUNDLE_IDENTIFIER = "project.mostafa.ToDo-List";
				PRODUCT_NAME = "$(TARGET_NAME)";
				SWIFT_VERSION = 4.0;
				TARGETED_DEVICE_FAMILY = "1,2";
			};
			name = Debug;
		};
		06F367111F3113DA004E2F4E /* Release */ = {
			isa = XCBuildConfiguration;
			buildSettings = {
				ASSETCATALOG_COMPILER_APPICON_NAME = AppIcon;
				INFOPLIST_FILE = "ToDo List/Info.plist";
				LD_RUNPATH_SEARCH_PATHS = "$(inherited) @executable_path/Frameworks";
				PRODUCT_BUNDLE_IDENTIFIER = "project.mostafa.ToDo-List";
				PRODUCT_NAME = "$(TARGET_NAME)";
				SWIFT_VERSION = 4.0;
				TARGETED_DEVICE_FAMILY = "1,2";
			};
			name = Release;
		};
/* End XCBuildConfiguration section */

/* Begin XCConfigurationList section */
		06F366F51F3113DA004E2F4E /* Build configuration list for PBXProject "ToDo List" */ = {
			isa = XCConfigurationList;
			buildConfigurations = (
				06F3670D1F3113DA004E2F4E /* Debug */,
				06F3670E1F3113DA004E2F4E /* Release */,
			);
			defaultConfigurationIsVisible = 0;
			defaultConfigurationName = Release;
		};
		06F3670F1F3113DA004E2F4E /* Build configuration list for PBXNativeTarget "ToDo List" */ = {
			isa = XCConfigurationList;
			buildConfigurations = (
				06F367101F3113DA004E2F4E /* Debug */,
				06F367111F3113DA004E2F4E /* Release */,
			);
			defaultConfigurationIsVisible = 0;
			defaultConfigurationName = Release;
		};
/* End XCConfigurationList section */

/* Begin XCVersionGroup section */
		06F367041F3113DA004E2F4E /* ToDo_List.xcdatamodeld */ = {
			isa = XCVersionGroup;
			children = (
				06F367051F3113DA004E2F4E /* ToDo_List.xcdatamodel */,
			);
			currentVersion = 06F367051F3113DA004E2F4E /* ToDo_List.xcdatamodel */;
			path = ToDo_List.xcdatamodeld;
			sourceTree = "<group>";
			versionGroupType = wrapper.xcdatamodel;
		};
/* End XCVersionGroup section */
	};
	rootObject = 06F366F21F3113DA004E2F4E /* Project object */;
}
